
Microsoft Visual Studio Solution File, Format Version 12.00
# Visual Studio Version 16
VisualStudioVersion = 16.0.30804.86
MinimumVisualStudioVersion = 10.0.40219.1
Project("{FAE04EC0-301F-11D3-BF4B-00C04F79EFBC}") = "MonacoTest", "MonacoTest\MonacoTest.csproj", "{EADF08BC-BE07-4C37-9E9F-6D1E6A4B5598}"
EndProject
Global
	GlobalSection(SolutionConfigurationPlatforms) = preSolution
		Debug|Any CPU = Debug|Any CPU
		Release|Any CPU = Release|Any CPU
	EndGlobalSection
	GlobalSection(ProjectConfigurationPlatforms) = postSolution
		{EADF08BC-BE07-4C37-9E9F-6D1E6A4B5598}.Debug|Any CPU.ActiveCfg = Debug|Any CPU
		{EADF08BC-BE07-4C37-9E9F-6D1E6A4B5598}.Debug|Any CPU.Build.0 = Debug|Any CPU
		{EADF08BC-BE07-4C37-9E9F-6D1E6A4B5598}.Release|Any CPU.ActiveCfg = Release|Any CPU
		{EADF08BC-BE07-4C37-9E9F-6D1E6A4B5598}.Release|Any CPU.Build.0 = Release|Any CPU
	EndGlobalSection
	GlobalSection(SolutionProperties) = preSolution
		HideSolutionNode = FALSE
	EndGlobalSection
	GlobalSection(ExtensibilityGlobals) = postSolution
		SolutionGuid = {94241C9C-8536-451B-B14F-B8E02AD37768}
	EndGlobalSection
EndGlobal
